
Microsoft Visual Studio Solution File, Format Version 12.00
# Visual Studio Version 16
VisualStudioVersion = 16.0.31702.278
MinimumVisualStudioVersion = 10.0.40219.1
Project("{FAE04EC0-301F-11D3-BF4B-00C04F79EFBC}") = "D2Traderie", "D2Traderie.csproj", "{EC102598-5592-45B9-9BEC-ABDFC674413A}"
EndProject
Global
	GlobalSection(SolutionConfigurationPlatforms) = preSolution
		Debug|Any CPU = Debug|Any CPU
		Release|Any CPU = Release|Any CPU
	EndGlobalSection
	GlobalSection(ProjectConfigurationPlatforms) = postSolution
		{EC102598-5592-45B9-9BEC-ABDFC674413A}.Debug|Any CPU.ActiveCfg = Debug|Any CPU
		{EC102598-5592-45B9-9BEC-ABDFC674413A}.Debug|Any CPU.Build.0 = Debug|Any CPU
		{EC102598-5592-45B9-9BEC-ABDFC674413A}.Release|Any CPU.ActiveCfg = Release|Any CPU
		{EC102598-5592-45B9-9BEC-ABDFC674413A}.Release|Any CPU.Build.0 = Release|Any CPU
	EndGlobalSection
	GlobalSection(SolutionProperties) = preSolution
		HideSolutionNode = FALSE
	EndGlobalSection
	GlobalSection(ExtensibilityGlobals) = postSolution
		SolutionGuid = {D68FC425-F9EF-4400-8005-0609951278F9}
	EndGlobalSection
EndGlobal
